
Microsoft Visual Studio Solution File, Format Version 12.00
# Visual Studio Version 17
VisualStudioVersion = 17.14.36511.14
MinimumVisualStudioVersion = 10.0.40219.1
Project("{2150E333-8FDC-42A3-9474-1A3956D46DE8}") = "Task0", "Task0", "{02EA681E-C7D8-13C7-8484-4AC65E1B71E8}"
EndProject
Project("{FAE04EC0-301F-11D3-BF4B-00C04F79EFBC}") = "Tyuiu.DolganovAV.Sprint5.Task0.V8", "Tyuiu.DolganovAV.Sprint5.Task0.V8\Tyuiu.DolganovAV.Sprint5.Task0.V8.csproj", "{4CDABFBF-FA3E-4D86-B389-8F11748B8251}"
EndProject
Project("{FAE04EC0-301F-11D3-BF4B-00C04F79EFBC}") = "Tyuiu.DolganovAV.Sprint5.Task0.V8.Lib", "Tyuiu.DolganovAV.Sprint5.Task0.V8.Lib\Tyuiu.DolganovAV.Sprint5.Task0.V8.Lib.csproj", "{3C7B254F-87DC-4489-910A-DE20BD2B20D6}"
EndProject
Project("{FAE04EC0-301F-11D3-BF4B-00C04F79EFBC}") = "Tyuiu.DolganovAV.Sprint5.Task0.V8.Test", "Tyuiu.DolganovAV.Sprint5.Task0.V8.Test\Tyuiu.DolganovAV.Sprint5.Task0.V8.Test.csproj", "{B5CB77BD-763A-4287-939C-4F9194D4BA14}"
EndProject
Project("{2150E333-8FDC-42A3-9474-1A3956D46DE8}") = "Task1", "Task1", "{83AFF9BA-9369-4336-BC0D-251C6B926CCC}"
EndProject
Project("{FAE04EC0-301F-11D3-BF4B-00C04F79EFBC}") = "Tyuiu.DolganovAV.Sprint5.Task1.V5", "Tyuiu.DolganovAV.Sprint5.Task1.V5\Tyuiu.DolganovAV.Sprint5.Task1.V5.csproj", "{08B42D2A-311C-4CE7-B5B9-5CDA98E5B442}"
EndProject
Project("{FAE04EC0-301F-11D3-BF4B-00C04F79EFBC}") = "Tyuiu.DolganovAV.Sprint5.Task1.V5.Lib", "Tyuiu.DolganovAV.Sprint5.Task1.V5.Lib\Tyuiu.DolganovAV.Sprint5.Task1.V5.Lib.csproj", "{2E6EA820-3E95-47B4-8296-8D0DAB2F70F7}"
EndProject
Project("{FAE04EC0-301F-11D3-BF4B-00C04F79EFBC}") = "Tyuiu.DolganovAV.Sprint5.Task1.V5.Test", "Tyuiu.DolganovAV.Sprint5.Task1.V5.Test\Tyuiu.DolganovAV.Sprint5.Task1.V5.Test.csproj", "{300F1DBD-1664-4791-AE60-5325A0A6BDA9}"
EndProject
Project("{2150E333-8FDC-42A3-9474-1A3956D46DE8}") = "Task2", "Task2", "{0C5876C7-11B1-4E95-B4C0-5CF8BD24F454}"
EndProject
Project("{FAE04EC0-301F-11D3-BF4B-00C04F79EFBC}") = "Tyuiu.DolganovAV.Sprint5.Task2.V11", "Tyuiu.DolganovAV.Sprint5.Task2.V11\Tyuiu.DolganovAV.Sprint5.Task2.V11.csproj", "{1704AB52-A7E1-4292-BABC-6219804199A2}"
EndProject
Project("{FAE04EC0-301F-11D3-BF4B-00C04F79EFBC}") = "Tyuiu.DolganovAV.Sprint5.Task2.V11.Test", "Tyuiu.DolganovAV.Sprint5.Task2.V11.Test\Tyuiu.DolganovAV.Sprint5.Task2.V11.Test.csproj", "{63FC542F-ECD4-48CF-8BDF-2D777D5C386B}"
EndProject
Project("{FAE04EC0-301F-11D3-BF4B-00C04F79EFBC}") = "Tyuiu.DolganovAV.Sprint5.Task2.V11.Lib", "Tyuiu.DolganovAV.Sprint5.Task2.V11.Lib\Tyuiu.DolganovAV.Sprint5.Task2.V11.Lib.csproj", "{0B777108-7CDE-49AD-B50F-EF262F6255A4}"
EndProject
Project("{2150E333-8FDC-42A3-9474-1A3956D46DE8}") = "Task3", "Task3", "{0DD718D6-E8AB-4733-8E02-D954E17C81F7}"
EndProject
Project("{FAE04EC0-301F-11D3-BF4B-00C04F79EFBC}") = "Tyuiu.DolganovAV.Sprint5.Task3.V29", "Tyuiu.DolganovAV.Sprint5.Task3.V29\Tyuiu.DolganovAV.Sprint5.Task3.V29.csproj", "{15D0629A-1F20-42CB-8E9A-455338726EE8}"
EndProject
Project("{FAE04EC0-301F-11D3-BF4B-00C04F79EFBC}") = "Tyuiu.DolganovAV.Sprint5.Task3.V29.Lib", "Tyuiu.DolganovAV.Sprint5.Task3.V29.Lib\Tyuiu.DolganovAV.Sprint5.Task3.V29.Lib.csproj", "{32C87614-E279-4970-A877-51A05F1D8FEB}"
EndProject
Project("{FAE04EC0-301F-11D3-BF4B-00C04F79EFBC}") = "Tyuiu.DolganovAV.Sprint5.Task3.V29.Test", "Tyuiu.DolganovAV.Sprint5.Task3.V29.Test\Tyuiu.DolganovAV.Sprint5.Task3.V29.Test.csproj", "{38F4493C-3E17-4FEF-98DA-65669191E79D}"
EndProject
Project("{2150E333-8FDC-42A3-9474-1A3956D46DE8}") = "Task4", "Task4", "{34B04CF6-5059-4BE9-9117-D0B549089205}"
EndProject
Project("{FAE04EC0-301F-11D3-BF4B-00C04F79EFBC}") = "Tyuiu.DolganovAV.Sprint5.Task4.V24", "Tyuiu.DolganovAV.Sprint5.Task4.V24\Tyuiu.DolganovAV.Sprint5.Task4.V24.csproj", "{E080B9D4-70D4-467D-AFC6-AB1A01CD7367}"
EndProject
Project("{FAE04EC0-301F-11D3-BF4B-00C04F79EFBC}") = "Tyuiu.DolganovAV.Sprint5.Task4.V24.Test", "Tyuiu.DolganovAV.Sprint5.Task4.V24.Test\Tyuiu.DolganovAV.Sprint5.Task4.V24.Test.csproj", "{A45F7BF8-BEFB-4F26-92A0-48705946EF6D}"
EndProject
Project("{FAE04EC0-301F-11D3-BF4B-00C04F79EFBC}") = "Tyuiu.DolganovAV.Sprint5.Task4.V24.Lib", "Tyuiu.DolganovAV.Sprint5.Task4.V24.Lib\Tyuiu.DolganovAV.Sprint5.Task4.V24.Lib.csproj", "{96F7C74C-34F2-4370-979B-60053DC8AC17}"
EndProject
Project("{2150E333-8FDC-42A3-9474-1A3956D46DE8}") = "Task5", "Task5", "{69608B38-865C-449F-87DD-77A97E06CC74}"
EndProject
Project("{FAE04EC0-301F-11D3-BF4B-00C04F79EFBC}") = "Tyuiu.DolganovAV.Sprint5.Task5.V28", "Tyuiu.DolganovAV.Sprint5.Task5.V28\Tyuiu.DolganovAV.Sprint5.Task5.V28.csproj", "{BA3FBDCA-EDD4-4045-B6EF-2E8F5BC460B5}"
EndProject
Project("{FAE04EC0-301F-11D3-BF4B-00C04F79EFBC}") = "Tyuiu.DolganovAV.Sprint5.Task5.V28.Lib", "Tyuiu.DolganovAV.Sprint5.Task5.V28.Lib\Tyuiu.DolganovAV.Sprint5.Task5.V28.Lib.csproj", "{59908D3D-B21A-4FCE-A423-F9B4EC865018}"
EndProject
Project("{FAE04EC0-301F-11D3-BF4B-00C04F79EFBC}") = "Tyuiu.DolganovAV.Sprint5.Task5.V28.Test", "Tyuiu.DolganovAV.Sprint5.Task5.V28.Test\Tyuiu.DolganovAV.Sprint5.Task5.V28.Test.csproj", "{E87ED448-0835-4441-98B8-47FBCEE707C2}"
EndProject
Project("{2150E333-8FDC-42A3-9474-1A3956D46DE8}") = "Task6", "Task6", "{07EC2F23-0C4E-4D42-AE5A-2C72CA5BD929}"
EndProject
Project("{FAE04EC0-301F-11D3-BF4B-00C04F79EFBC}") = "Tyuiu.DolganovAV.Sprint5.Task6.V5", "Tyuiu.DolganovAV.Sprint5.Task6.V5\Tyuiu.DolganovAV.Sprint5.Task6.V5.csproj", "{45E224A5-36BD-4A68-83FB-E762C645C528}"
EndProject
Project("{FAE04EC0-301F-11D3-BF4B-00C04F79EFBC}") = "Tyuiu.DolganovAV.Sprint5.Task6.V5.Lib", "Tyuiu.DolganovAV.Sprint5.Task6.V5.Lib\Tyuiu.DolganovAV.Sprint5.Task6.V5.Lib.csproj", "{B8D5FB97-2FF2-4560-AA53-B8C53A7A91E8}"
EndProject
Project("{FAE04EC0-301F-11D3-BF4B-00C04F79EFBC}") = "Tyuiu.DolganovAV.Sprint5.Task6.V5.Test", "Tyuiu.DolganovAV.Sprint5.Task6.V5.Test\Tyuiu.DolganovAV.Sprint5.Task6.V5.Test.csproj", "{B7500DEA-83A8-4575-B182-3AF769EC4F42}"
EndProject
Project("{2150E333-8FDC-42A3-9474-1A3956D46DE8}") = "Task7", "Task7", "{7BBE8EF5-B8C7-43CD-889B-2C84E7672D62}"
EndProject
Project("{FAE04EC0-301F-11D3-BF4B-00C04F79EFBC}") = "Tyuiu.DolganovAV.Sprint5.Task7.V5", "Tyuiu.DolganovAV.Sprint5.Task7.V5\Tyuiu.DolganovAV.Sprint5.Task7.V5.csproj", "{2AD87051-F0EB-453C-BF4B-270E5EB95226}"
EndProject
Project("{FAE04EC0-301F-11D3-BF4B-00C04F79EFBC}") = "Tyuiu.DolganovAV.Sprint5.Task7.V5.Test", "Tyuiu.DolganovAV.Sprint5.Task7.V5.Test\Tyuiu.DolganovAV.Sprint5.Task7.V5.Test.csproj", "{384F027B-2D7D-4EDE-A8A9-EF217AC5BEFB}"
EndProject
Project("{FAE04EC0-301F-11D3-BF4B-00C04F79EFBC}") = "Tyuiu.DolganovAV.Sprint5.Task7.V5.Lib", "Tyuiu.DolganovAV.Sprint5.Task7.V5.Lib\Tyuiu.DolganovAV.Sprint5.Task7.V5.Lib.csproj", "{211C493C-3704-491B-A556-18473ABE022E}"
EndProject
Global
	GlobalSection(SolutionConfigurationPlatforms) = preSolution
		Debug|Any CPU = Debug|Any CPU
		Release|Any CPU = Release|Any CPU
	EndGlobalSection
	GlobalSection(ProjectConfigurationPlatforms) = postSolution
		{4CDABFBF-FA3E-4D86-B389-8F11748B8251}.Debug|Any CPU.ActiveCfg = Debug|Any CPU
		{4CDABFBF-FA3E-4D86-B389-8F11748B8251}.Debug|Any CPU.Build.0 = Debug|Any CPU
		{4CDABFBF-FA3E-4D86-B389-8F11748B8251}.Release|Any CPU.ActiveCfg = Release|Any CPU
		{4CDABFBF-FA3E-4D86-B389-8F11748B8251}.Release|Any CPU.Build.0 = Release|Any CPU
		{3C7B254F-87DC-4489-910A-DE20BD2B20D6}.Debug|Any CPU.ActiveCfg = Debug|Any CPU
		{3C7B254F-87DC-4489-910A-DE20BD2B20D6}.Debug|Any CPU.Build.0 = Debug|Any CPU
		{3C7B254F-87DC-4489-910A-DE20BD2B20D6}.Release|Any CPU.ActiveCfg = Release|Any CPU
		{3C7B254F-87DC-4489-910A-DE20BD2B20D6}.Release|Any CPU.Build.0 = Release|Any CPU
		{B5CB77BD-763A-4287-939C-4F9194D4BA14}.Debug|Any CPU.ActiveCfg = Debug|Any CPU
		{B5CB77BD-763A-4287-939C-4F9194D4BA14}.Debug|Any CPU.Build.0 = Debug|Any CPU
		{B5CB77BD-763A-4287-939C-4F9194D4BA14}.Release|Any CPU.ActiveCfg = Release|Any CPU
		{B5CB77BD-763A-4287-939C-4F9194D4BA14}.Release|Any CPU.Build.0 = Release|Any CPU
		{08B42D2A-311C-4CE7-B5B9-5CDA98E5B442}.Debug|Any CPU.ActiveCfg = Debug|Any CPU
		{08B42D2A-311C-4CE7-B5B9-5CDA98E5B442}.Debug|Any CPU.Build.0 = Debug|Any CPU
		{08B42D2A-311C-4CE7-B5B9-5CDA98E5B442}.Release|Any CPU.ActiveCfg = Release|Any CPU
		{08B42D2A-311C-4CE7-B5B9-5CDA98E5B442}.Release|Any CPU.Build.0 = Release|Any CPU
		{2E6EA820-3E95-47B4-8296-8D0DAB2F70F7}.Debug|Any CPU.ActiveCfg = Debug|Any CPU
		{2E6EA820-3E95-47B4-8296-8D0DAB2F70F7}.Debug|Any CPU.Build.0 = Debug|Any CPU
		{2E6EA820-3E95-47B4-8296-8D0DAB2F70F7}.Release|Any CPU.ActiveCfg = Release|Any CPU
		{2E6EA820-3E95-47B4-8296-8D0DAB2F70F7}.Release|Any CPU.Build.0 = Release|Any CPU
		{300F1DBD-1664-4791-AE60-5325A0A6BDA9}.Debug|Any CPU.ActiveCfg = Debug|Any CPU
		{300F1DBD-1664-4791-AE60-5325A0A6BDA9}.Debug|Any CPU.Build.0 = Debug|Any CPU
		{300F1DBD-1664-4791-AE60-5325A0A6BDA9}.Release|Any CPU.ActiveCfg = Release|Any CPU
		{300F1DBD-1664-4791-AE60-5325A0A6BDA9}.Release|Any CPU.Build.0 = Release|Any CPU
		{1704AB52-A7E1-4292-BABC-6219804199A2}.Debug|Any CPU.ActiveCfg = Debug|Any CPU
		{1704AB52-A7E1-4292-BABC-6219804199A2}.Debug|Any CPU.Build.0 = Debug|Any CPU
		{1704AB52-A7E1-4292-BABC-6219804199A2}.Release|Any CPU.ActiveCfg = Release|Any CPU
		{1704AB52-A7E1-4292-BABC-6219804199A2}.Release|Any CPU.Build.0 = Release|Any CPU
		{63FC542F-ECD4-48CF-8BDF-2D777D5C386B}.Debug|Any CPU.ActiveCfg = Debug|Any CPU
		{63FC542F-ECD4-48CF-8BDF-2D777D5C386B}.Debug|Any CPU.Build.0 = Debug|Any CPU
		{63FC542F-ECD4-48CF-8BDF-2D777D5C386B}.Release|Any CPU.ActiveCfg = Release|Any CPU
		{63FC542F-ECD4-48CF-8BDF-2D777D5C386B}.Release|Any CPU.Build.0 = Release|Any CPU
		{0B777108-7CDE-49AD-B50F-EF262F6255A4}.Debug|Any CPU.ActiveCfg = Debug|Any CPU
		{0B777108-7CDE-49AD-B50F-EF262F6255A4}.Debug|Any CPU.Build.0 = Debug|Any CPU
		{0B777108-7CDE-49AD-B50F-EF262F6255A4}.Release|Any CPU.ActiveCfg = Release|Any CPU
		{0B777108-7CDE-49AD-B50F-EF262F6255A4}.Release|Any CPU.Build.0 = Release|Any CPU
		{15D0629A-1F20-42CB-8E9A-455338726EE8}.Debug|Any CPU.ActiveCfg = Debug|Any CPU
		{15D0629A-1F20-42CB-8E9A-455338726EE8}.Debug|Any CPU.Build.0 = Debug|Any CPU
		{15D0629A-1F20-42CB-8E9A-455338726EE8}.Release|Any CPU.ActiveCfg = Release|Any CPU
		{15D0629A-1F20-42CB-8E9A-455338726EE8}.Release|Any CPU.Build.0 = Release|Any CPU
		{32C87614-E279-4970-A877-51A05F1D8FEB}.Debug|Any CPU.ActiveCfg = Debug|Any CPU
		{32C87614-E279-4970-A877-51A05F1D8FEB}.Debug|Any CPU.Build.0 = Debug|Any CPU
		{32C87614-E279-4970-A877-51A05F1D8FEB}.Release|Any CPU.ActiveCfg = Release|Any CPU
		{32C87614-E279-4970-A877-51A05F1D8FEB}.Release|Any CPU.Build.0 = Release|Any CPU
		{38F4493C-3E17-4FEF-98DA-65669191E79D}.Debug|Any CPU.ActiveCfg = Debug|Any CPU
		{38F4493C-3E17-4FEF-98DA-65669191E79D}.Debug|Any CPU.Build.0 = Debug|Any CPU
		{38F4493C-3E17-4FEF-98DA-65669191E79D}.Release|Any CPU.ActiveCfg = Release|Any CPU
		{38F4493C-3E17-4FEF-98DA-65669191E79D}.Release|Any CPU.Build.0 = Release|Any CPU
		{E080B9D4-70D4-467D-AFC6-AB1A01CD7367}.Debug|Any CPU.ActiveCfg = Debug|Any CPU
		{E080B9D4-70D4-467D-AFC6-AB1A01CD7367}.Debug|Any CPU.Build.0 = Debug|Any CPU
		{E080B9D4-70D4-467D-AFC6-AB1A01CD7367}.Release|Any CPU.ActiveCfg = Release|Any CPU
		{E080B9D4-70D4-467D-AFC6-AB1A01CD7367}.Release|Any CPU.Build.0 = Release|Any CPU
		{A45F7BF8-BEFB-4F26-92A0-48705946EF6D}.Debug|Any CPU.ActiveCfg = Debug|Any CPU
		{A45F7BF8-BEFB-4F26-92A0-48705946EF6D}.Debug|Any CPU.Build.0 = Debug|Any CPU
		{A45F7BF8-BEFB-4F26-92A0-48705946EF6D}.Release|Any CPU.ActiveCfg = Release|Any CPU
		{A45F7BF8-BEFB-4F26-92A0-48705946EF6D}.Release|Any CPU.Build.0 = Release|Any CPU
		{96F7C74C-34F2-4370-979B-60053DC8AC17}.Debug|Any CPU.ActiveCfg = Debug|Any CPU
		{96F7C74C-34F2-4370-979B-60053DC8AC17}.Debug|Any CPU.Build.0 = Debug|Any CPU
		{96F7C74C-34F2-4370-979B-60053DC8AC17}.Release|Any CPU.ActiveCfg = Release|Any CPU
		{96F7C74C-34F2-4370-979B-60053DC8AC17}.Release|Any CPU.Build.0 = Release|Any CPU
		{BA3FBDCA-EDD4-4045-B6EF-2E8F5BC460B5}.Debug|Any CPU.ActiveCfg = Debug|Any CPU
		{BA3FBDCA-EDD4-4045-B6EF-2E8F5BC460B5}.Debug|Any CPU.Build.0 = Debug|Any CPU
		{BA3FBDCA-EDD4-4045-B6EF-2E8F5BC460B5}.Release|Any CPU.ActiveCfg = Release|Any CPU
		{BA3FBDCA-EDD4-4045-B6EF-2E8F5BC460B5}.Release|Any CPU.Build.0 = Release|Any CPU
		{59908D3D-B21A-4FCE-A423-F9B4EC865018}.Debug|Any CPU.ActiveCfg = Debug|Any CPU
		{59908D3D-B21A-4FCE-A423-F9B4EC865018}.Debug|Any CPU.Build.0 = Debug|Any CPU
		{59908D3D-B21A-4FCE-A423-F9B4EC865018}.Release|Any CPU.ActiveCfg = Release|Any CPU
		{59908D3D-B21A-4FCE-A423-F9B4EC865018}.Release|Any CPU.Build.0 = Release|Any CPU
		{E87ED448-0835-4441-98B8-47FBCEE707C2}.Debug|Any CPU.ActiveCfg = Debug|Any CPU
		{E87ED448-0835-4441-98B8-47FBCEE707C2}.Debug|Any CPU.Build.0 = Debug|Any CPU
		{E87ED448-0835-4441-98B8-47FBCEE707C2}.Release|Any CPU.ActiveCfg = Release|Any CPU
		{E87ED448-0835-4441-98B8-47FBCEE707C2}.Release|Any CPU.Build.0 = Release|Any CPU
		{45E224A5-36BD-4A68-83FB-E762C645C528}.Debug|Any CPU.ActiveCfg = Debug|Any CPU
		{45E224A5-36BD-4A68-83FB-E762C645C528}.Debug|Any CPU.Build.0 = Debug|Any CPU
		{45E224A5-36BD-4A68-83FB-E762C645C528}.Release|Any CPU.ActiveCfg = Release|Any CPU
		{45E224A5-36BD-4A68-83FB-E762C645C528}.Release|Any CPU.Build.0 = Release|Any CPU
		{B8D5FB97-2FF2-4560-AA53-B8C53A7A91E8}.Debug|Any CPU.ActiveCfg = Debug|Any CPU
		{B8D5FB97-2FF2-4560-AA53-B8C53A7A91E8}.Debug|Any CPU.Build.0 = Debug|Any CPU
		{B8D5FB97-2FF2-4560-AA53-B8C53A7A91E8}.Release|Any CPU.ActiveCfg = Release|Any CPU
		{B8D5FB97-2FF2-4560-AA53-B8C53A7A91E8}.Release|Any CPU.Build.0 = Release|Any CPU
		{B7500DEA-83A8-4575-B182-3AF769EC4F42}.Debug|Any CPU.ActiveCfg = Debug|Any CPU
		{B7500DEA-83A8-4575-B182-3AF769EC4F42}.Debug|Any CPU.Build.0 = Debug|Any CPU
		{B7500DEA-83A8-4575-B182-3AF769EC4F42}.Release|Any CPU.ActiveCfg = Release|Any CPU
		{B7500DEA-83A8-4575-B182-3AF769EC4F42}.Release|Any CPU.Build.0 = Release|Any CPU
		{2AD87051-F0EB-453C-BF4B-270E5EB95226}.Debug|Any CPU.ActiveCfg = Debug|Any CPU
		{2AD87051-F0EB-453C-BF4B-270E5EB95226}.Debug|Any CPU.Build.0 = Debug|Any CPU
		{2AD87051-F0EB-453C-BF4B-270E5EB95226}.Release|Any CPU.ActiveCfg = Release|Any CPU
		{2AD87051-F0EB-453C-BF4B-270E5EB95226}.Release|Any CPU.Build.0 = Release|Any CPU
		{384F027B-2D7D-4EDE-A8A9-EF217AC5BEFB}.Debug|Any CPU.ActiveCfg = Debug|Any CPU
		{384F027B-2D7D-4EDE-A8A9-EF217AC5BEFB}.Debug|Any CPU.Build.0 = Debug|Any CPU
		{384F027B-2D7D-4EDE-A8A9-EF217AC5BEFB}.Release|Any CPU.ActiveCfg = Release|Any CPU
		{384F027B-2D7D-4EDE-A8A9-EF217AC5BEFB}.Release|Any CPU.Build.0 = Release|Any CPU
		{211C493C-3704-491B-A556-18473ABE022E}.Debug|Any CPU.ActiveCfg = Debug|Any CPU
		{211C493C-3704-491B-A556-18473ABE022E}.Debug|Any CPU.Build.0 = Debug|Any CPU
		{211C493C-3704-491B-A556-18473ABE022E}.Release|Any CPU.ActiveCfg = Release|Any CPU
		{211C493C-3704-491B-A556-18473ABE022E}.Release|Any CPU.Build.0 = Release|Any CPU
	EndGlobalSection
	GlobalSection(SolutionProperties) = preSolution
		HideSolutionNode = FALSE
	EndGlobalSection
	GlobalSection(NestedProjects) = preSolution
		{4CDABFBF-FA3E-4D86-B389-8F11748B8251} = {02EA681E-C7D8-13C7-8484-4AC65E1B71E8}
		{3C7B254F-87DC-4489-910A-DE20BD2B20D6} = {02EA681E-C7D8-13C7-8484-4AC65E1B71E8}
		{B5CB77BD-763A-4287-939C-4F9194D4BA14} = {02EA681E-C7D8-13C7-8484-4AC65E1B71E8}
		{08B42D2A-311C-4CE7-B5B9-5CDA98E5B442} = {83AFF9BA-9369-4336-BC0D-251C6B926CCC}
		{2E6EA820-3E95-47B4-8296-8D0DAB2F70F7} = {83AFF9BA-9369-4336-BC0D-251C6B926CCC}
		{300F1DBD-1664-4791-AE60-5325A0A6BDA9} = {83AFF9BA-9369-4336-BC0D-251C6B926CCC}
		{1704AB52-A7E1-4292-BABC-6219804199A2} = {0C5876C7-11B1-4E95-B4C0-5CF8BD24F454}
		{63FC542F-ECD4-48CF-8BDF-2D777D5C386B} = {0C5876C7-11B1-4E95-B4C0-5CF8BD24F454}
		{0B777108-7CDE-49AD-B50F-EF262F6255A4} = {0C5876C7-11B1-4E95-B4C0-5CF8BD24F454}
		{15D0629A-1F20-42CB-8E9A-455338726EE8} = {0DD718D6-E8AB-4733-8E02-D954E17C81F7}
		{32C87614-E279-4970-A877-51A05F1D8FEB} = {0DD718D6-E8AB-4733-8E02-D954E17C81F7}
		{38F4493C-3E17-4FEF-98DA-65669191E79D} = {0DD718D6-E8AB-4733-8E02-D954E17C81F7}
		{E080B9D4-70D4-467D-AFC6-AB1A01CD7367} = {34B04CF6-5059-4BE9-9117-D0B549089205}
		{A45F7BF8-BEFB-4F26-92A0-48705946EF6D} = {34B04CF6-5059-4BE9-9117-D0B549089205}
		{96F7C74C-34F2-4370-979B-60053DC8AC17} = {34B04CF6-5059-4BE9-9117-D0B549089205}
		{BA3FBDCA-EDD4-4045-B6EF-2E8F5BC460B5} = {69608B38-865C-449F-87DD-77A97E06CC74}
		{59908D3D-B21A-4FCE-A423-F9B4EC865018} = {69608B38-865C-449F-87DD-77A97E06CC74}
		{E87ED448-0835-4441-98B8-47FBCEE707C2} = {69608B38-865C-449F-87DD-77A97E06CC74}
		{45E224A5-36BD-4A68-83FB-E762C645C528} = {07EC2F23-0C4E-4D42-AE5A-2C72CA5BD929}
		{B8D5FB97-2FF2-4560-AA53-B8C53A7A91E8} = {07EC2F23-0C4E-4D42-AE5A-2C72CA5BD929}
		{B7500DEA-83A8-4575-B182-3AF769EC4F42} = {07EC2F23-0C4E-4D42-AE5A-2C72CA5BD929}
		{2AD87051-F0EB-453C-BF4B-270E5EB95226} = {7BBE8EF5-B8C7-43CD-889B-2C84E7672D62}
		{384F027B-2D7D-4EDE-A8A9-EF217AC5BEFB} = {7BBE8EF5-B8C7-43CD-889B-2C84E7672D62}
		{211C493C-3704-491B-A556-18473ABE022E} = {7BBE8EF5-B8C7-43CD-889B-2C84E7672D62}
	EndGlobalSection
	GlobalSection(ExtensibilityGlobals) = postSolution
		SolutionGuid = {3DF9F964-5D18-4C43-8F88-B744E41485FE}
	EndGlobalSection
EndGlobal
